github.com/BurntSushi/toml v1.4.1-0.20240526193622-a339e1f7089c h1:pxW6RcqyfI9/kWtOwnv/G+AzdKuy2ZrqINhenH4HyNs=
github.com/BurntSushi/toml v1.4.1-0.20240526193622-a339e1f7089c/go.mod h1:ukJfTF/6rtPPRCnwkur4qwRxa8vTRFBF0uk2lLoLwho=
github.com/aws/aws-lambda-go v1.47.0 h1:0H8s0vumYx/YKs4sE7YM0ktwL2eWse+kfopsRI1sXVI=
github.com/aws/aws-lambda-go v1.47.0/go.mod h1:dpMpZgvWx5vuQJfBt0zqBha60q7Dd7RfgJv23DymV8A=
github.com/aws/aws-sdk-go-v2 v1.30.4 h1:frhcagrVNrzmT95RJImMHgabt99vkXGslubDaDagTk8=
github.com/aws/aws-sdk-go-v2 v1.30.4/go.mod h1:CT+ZPWXbYrci8chcARI3OmI/qgd+f6WtuLOoaIA8PR0=
github.com/aws/aws-sdk-go-v2/aws/protocol/eventstream v1.6.4 h1:70PVAiL15/aBMh5LThwgXdSQorVr91L127ttckI9QQU=
github.com/aws/aws-sdk-go-v2/aws/protocol/eventstream v1.6.4/go.mod h1:/MQxMqci8tlqDH+pjmoLu1i0tbWCUP1hhyMRuFxpQCw=
github.com/aws/aws-sdk-go-v2/config v1.27.28 h1:OTxWGW/91C61QlneCtnD62NLb4W616/NM1jA8LhJqbg=
github.com/aws/aws-sdk-go-v2/config v1.27.28/go.mod h1:uzVRVtJSU5EFv6Fu82AoVFKozJi2ZCY6WRCXj06rbvs=
github.com/aws/aws-sdk-go-v2/credentials v1.17.28 h1:m8+AHY/ND8CMHJnPoH7PJIRakWGa4gbfbxuY9TGTUXM=
github.com/aws/aws-sdk-go-v2/credentials v1.17.28/go.mod h1:6TF7dSc78ehD1SL6KpRIPKMA1GyyWflIkjqg+qmf4+c=
github.com/aws/aws-sdk-go-v2/feature/ec2/imds v1.16.12 h1:yjwoSyDZF8Jth+mUk5lSPJCkMC0lMy6FaCD51jm6ayE=
github.com/aws/aws-sdk-go-v2/feature/ec2/imds v1.16.12/go.mod h1:fuR57fAgMk7ot3WcNQfb6rSEn+SUffl7ri+aa8uKysI=
github.com/aws/aws-sdk-go-v2/internal/configsources v1.3.16 h1:TNyt/+X43KJ9IJJMjKfa3bNTiZbUP7DeCxfbTROESwY=
github.com/aws/aws-sdk-go-v2/internal/configsources v1.3.16/go.mod h1:2DwJF39FlNAUiX5pAc0UNeiz16lK2t7IaFcm0LFHEgc=
github.com/aws/aws-sdk-go-v2/internal/endpoints/v2 v2.6.16 h1:jYfy8UPmd+6kJW5YhY0L1/KftReOGxI/4NtVSTh9O/I=
github.com/aws/aws-sdk-go-v2/internal/endpoints/v2 v2.6.16/go.mod h1:7ZfEPZxkW42Afq4uQB8H2E2e6ebh6mXTueEpYzjCzcs=
github.com/aws/aws-sdk-go-v2/internal/ini v1.8.1 h1:VaRN3TlFdd6KxX1x3ILT5ynH6HvKgqdiXoTxAF4HQcQ=
github.com/aws/aws-sdk-go-v2/internal/ini v1.8.1/go.mod h1:FbtygfRFze9usAadmnGJNc8KsP346kEe+y2/oyhGAGc=
github.com/aws/aws-sdk-go-v2/service/cloudformation v1.53.4 h1:QbMAN9s6cmAxQMTAbLmHj0a5mhwoZTL0eo91UaYLG4E=
github.com/aws/aws-sdk-go-v2/service/cloudformation v1.53.4/go.mod h1:y45SdA9v+dLlweaqwAQMoFeXqdRvgwevafa2X8iTqZQ=
github.com/aws/aws-sdk-go-v2/service/dynamodb v1.34.5 h1:Cm77yt+/CV7A6DglkENsWA3H1hq8+4ItJnFKrhxHkvg=
github.com/aws/aws-sdk-go-v2/service/dynamodb v1.34.5/go.mod h1:s2fYaueBuCnwv1XQn6T8TfShxJWusv5tWPMcL+GY6+g=
github.com/aws/aws-sdk-go-v2/service/internal/accept-encoding v1.11.4 h1:KypMCbLPPHEmf9DgMGw51jMj77VfGPAN2Kv4cfhlfgI=
github.com/aws/aws-sdk-go-v2/service/internal/accept-encoding v1.11.4/go.mod h1:Vz1JQXliGcQktFTN/LN6uGppAIRoLBR2bMvIMP0gOjc=
github.com/aws/aws-sdk-go-v2/service/internal/endpoint-discovery v1.9.17 h1:HDJGz1jlV7RokVgTPfx1UHBHANC0N5Uk++xgyYgz5E0=
github.com/aws/aws-sdk-go-v2/service/internal/endpoint-discovery v1.9.17/go.mod h1:5szDu6TWdRDytfDxUQVv2OYfpTQMKApVFyqpm+TcA98=
github.com/aws/aws-sdk-go-v2/service/internal/presigned-url v1.11.18 h1:tJ5RnkHCiSH0jyd6gROjlJtNwov0eGYNz8s8nFcR0jQ=
github.com/aws/aws-sdk-go-v2/service/internal/presigned-url v1.11.18/go.mod h1:++NHzT+nAF7ZPrHPsA+ENvsXkOO8wEu+C6RXltAG4/c=
github.com/aws/aws-sdk-go-v2/service/lambda v1.56.4 h1:aVq11wh9uU3jjcQ1cez84ch5RPIiOfxkHanVtQx7/MU=
github.com/aws/aws-sdk-go-v2/service/lambda v1.56.4/go.mod h1:19OJBUjzuycsyPiTi8Gxx17XJjsF9Ck/cQeDGvsiics=
github.com/aws/aws-sdk-go-v2/service/ses v1.25.3 h1:wcfUsE2nqsXhEj68gxr7MnGXNPcBPKx0RW2DzBVgVlM=
github.com/aws/aws-sdk-go-v2/service/ses v1.25.3/go.mod h1:6Ul/Ir8oOCsI3dFN0prULK9fvpxP+WTYmlHDkFzaAVA=
github.com/aws/aws-sdk-go-v2/service/sesv2 v1.33.0 h1:xgp46CIfHVv0vj2+/NXZ5l5rNyuOt40JX/uOTo3f748=
github.com/aws/aws-sdk-go-v2/service/sesv2 v1.33.0/go.mod h1:qVIFAGMTTDMumfHxKW8QoQJXvlY3hkfaxPONLHT3asY=
github.com/aws/aws-sdk-go-v2/service/sso v1.22.5 h1:zCsFCKvbj25i7p1u94imVoO447I/sFv8qq+lGJhRN0c=
github.com/aws/aws-sdk-go-v2/service/sso v1.22.5/go.mod h1:ZeDX1SnKsVlejeuz41GiajjZpRSWR7/42q/EyA/QEiM=
github.com/aws/aws-sdk-go-v2/service/ssooidc v1.26.5 h1:SKvPgvdvmiTWoi0GAJ7AsJfOz3ngVkD/ERbs5pUnHNI=
github.com/aws/aws-sdk-go-v2/service/ssooidc v1.26.5/go.mod h1:20sz31hv/WsPa3HhU3hfrIet2kxM4Pe0r20eBZ20Tac=
github.com/aws/aws-sdk-go-v2/service/sts v1.30.4 h1:iAckBT2OeEK/kBDyN/jDtpEExhjeeA/Im2q4X0rJZT8=
github.com/aws/aws-sdk-go-v2/service/sts v1.30.4/go.mod h1:vmSqFK+BVIwVpDAGZB3CoCXHzurt4qBE8lf+I/kRTh0=
github.com/aws/smithy-go v1.20.4 h1:2HK1zBdPgRbjFOHlfeQZfpC4r72MOb9bZkiFwggKO+4=
github.com/aws/smithy-go v1.20.4/go.mod h1:irrKGvNn1InZwb2d7fkIRNucdfwR8R+Ts3wxYa/cJHg=
github.com/cpuguy83/go-md2man/v2 v2.0.4/go.mod h1:tgQtvFlXSQOSOSIRvRPT7W67SCa46tRHOmNcaadrF8o=
github.com/davecgh/go-spew v1.1.0/go.mod h1:J7Y8YcW2NihsgmVo/mv3lAwl/skON4iLHjSsI+c5H38=
github.com/davecgh/go-spew v1.1.1 h1:vj9j/u1bqnvCEfJOwUhtlOARqs3+rkHYY13jYWTU97c=
github.com/davecgh/go-spew v1.1.1/go.mod h1:J7Y8YcW2NihsgmVo/mv3lAwl/skON4iLHjSsI+c5H38=
github.com/google/go-cmp v0.6.0 h1:ofyhxvXcZhMsU5ulbFiLKl/XBFqE1GSq7atu8tAmTRI=
github.com/google/go-cmp v0.6.0/go.mod h1:17dUlkBOakJ0+DkrSSNjCkIjxS6bF9zb3elmeNGIjoY=
github.com/google/uuid v1.6.0 h1:NIvaJDMOsjHA8n1jAhLSgzrAzy1Hgr+hNrb57e+94F0=
github.com/google/uuid v1.6.0/go.mod h1:TIyPZe4MgqvfeYDBFedMoGGpEw/LqOeaOT+nhxU+yHo=
github.com/inconshreveable/mousetrap v1.1.0 h1:wN+x4NVGpMsO7ErUn/mUI3vEoE6Jt13X2s0bqwp9tc8=
github.com/inconshreveable/mousetrap v1.1.0/go.mod h1:vpF70FUmC8bwa3OWnCshd2FqLfsEA9PFc4w1p2J65bw=
github.com/jmespath/go-jmespath v0.4.0 h1:BEgLn5cpjn8UN1mAw4NjwDrS35OdebyEtFe+9YPoQUg=
github.com/jmespath/go-jmespath v0.4.0/go.mod h1:T8mJZnbsbmF+m6zOOFylbeCJqk5+pHWvzYPziyZiYoo=
github.com/jmespath/go-jmespath/internal/testify v1.5.1 h1:shLQSRRSCCPj3f2gpwzGwWFoC7ycTf1rcQZHOlsJ6N8=
github.com/jmespath/go-jmespath/internal/testify v1.5.1/go.mod h1:L3OGu8Wl2/fWfCI6z80xFu9LTZmf1ZRjMHUOPmWr69U=
github.com/pkg/errors v0.9.1 h1:FEBLx1zS214owpjy7qsBeixbURkuhQAwrK5UwLGTwt4=
github.com/pkg/errors v0.9.1/go.mod h1:bwawxfHBFNV+L2hUp1rHADufV3IMtnDRdf1r5NINEl0=
github.com/pmezard/go-difflib v1.0.0 h1:4DBwDE0NGyQoBHbLQYPwSUPoCMWR5BEzIk/f1lZbAQM=
github.com/pmezard/go-difflib v1.0.0/go.mod h1:iKH77koFhYxTK1pcRnkKkqfTogsbg7gZNVY4sRDYZ/4=
github.com/russross/blackfriday/v2 v2.1.0/go.mod h1:+Rmxgy9KzJVeS9/2gXHxylqXiyQDYRxCVz55jmeOWTM=
github.com/spf13/cobra v1.8.1 h1:e5/vxKd/rZsfSJMUX1agtjeTDf+qv1/JdBF8gg5k9ZM=
github.com/spf13/cobra v1.8.1/go.mod h1:wHxEcudfqmLYa8iTfL+OuZPbBZkmvliBWKIezN3kD9Y=
github.com/spf13/pflag v1.0.5 h1:iy+VFUOCP1a+8yFto/drg2CJ5u0yRoB7fZw3DKv/JXA=
github.com/spf13/pflag v1.0.5/go.mod h1:McXfInJRrz4CZXVZOBLb0bTZqETkiAhM9Iw0y3An2Bg=
github.com/stretchr/objx v0.1.0/go.mod h1:HFkY916IF+rwdDfMAkV7OtwuqBVzrE8GR6GFx+wExME=
github.com/stretchr/testify v1.7.2 h1:4jaiDzPyXQvSd7D0EjG45355tLlV3VOECpq10pLC+8s=
github.com/stretchr/testify v1.7.2/go.mod h1:R6va5+xMeoiuVRoj+gSkQ7d3FALtqAAGI1FQKckRals=
golang.org/x/exp/typeparams v0.0.0-20240808152545-0cdaa3abc0fa h1:54T+HVkPu4D3lltpEHyI3Fs2pG/GqjGkXLgyKOmifXk=
golang.org/x/exp/typeparams v0.0.0-20240808152545-0cdaa3abc0fa/go.mod h1:AbB0pIl9nAr9wVwH+Z2ZpaocVmF5I4GyWCDIsVjR0bk=
golang.org/x/mod v0.20.0 h1:utOm6MM3R3dnawAiJgn0y+xvuYRsm1RKM/4giyfDgV0=
golang.org/x/mod v0.20.0/go.mod h1:hTbmBsO62+eylJbnUtE2MGJUyE7QWk4xUqPFrRgJ+7c=
golang.org/x/sync v0.8.0 h1:3NFvSEYkUoMifnESzZl15y791HH1qU2xm6eCJU5ZPXQ=
golang.org/x/sync v0.8.0/go.mod h1:Czt+wKu1gCyEFDUtn0jG5QVvpJ6rzVqr5aXyt9drQfk=
golang.org/x/tools v0.24.0 h1:J1shsA93PJUEVaUSaay7UXAyE8aimq3GW0pjlolpa24=
golang.org/x/tools v0.24.0/go.mod h1:YhNqVBIfWHdzvTLs0d8LCuMhkKUgSUKldakyV7W/WDQ=
gopkg.in/check.v1 v0.0.0-20161208181325-20d25e280405/go.mod h1:Co6ibVJAznAaIkqp8huTwlJQCZ016jof/cbN4VW5Yz0=
gopkg.in/yaml.v2 v2.2.8/go.mod h1:hI93XBmqTisBFMUTm0b8Fm+jr3Dg1NNxqwp+5A1VGuI=
gopkg.in/yaml.v2 v2.4.0 h1:D8xgwECY7CYvx+Y2n4sBz93Jn9JRvxdiyyo8CTfuKaY=
gopkg.in/yaml.v2 v2.4.0/go.mod h1:RDklbk79AGWmwhnvt/jBztapEOGDOx6ZbXqjP6csGnQ=
gopkg.in/yaml.v3 v3.0.1 h1:fxVm/GzAzEWqLHuvctI91KS9hhNmmWOoWu0XTYJS7CA=
gopkg.in/yaml.v3 v3.0.1/go.mod h1:K4uyk7z7BCEPqu6E+C64Yfv1cQ7kz7rIZviUmN+EgEM=
gotest.tools v2.2.0+incompatible h1:VsBPFP1AI068pPrMxtb/S8Zkgf9xEmTLJjfM+P5UIEo=
gotest.tools v2.2.0+incompatible/go.mod h1:DsYFclhRJ6vuDpmuTbkuFWG+y2sxOXAzmJt81HFBacw=
honnef.co/go/tools v0.5.1 h1:4bH5o3b5ZULQ4UrBmP+63W9r7qIkqJClEA9ko5YKx+I=
honnef.co/go/tools v0.5.1/go.mod h1:e9irvo83WDG9/irijV44wr3tbhcFeRnfpVlRqVwpzMs=
