github.com/BurntSushi/toml v1.3.2 h1:o7IhLm0Msx3BaB+n3Ag7L8EVlByGnpq14C4YWiu/gL8=
github.com/BurntSushi/toml v1.3.2/go.mod h1:CxXYINrC8qIiEnFrOxCa7Jy5BFHlXnUU2pbicEuybxQ=
github.com/aws/aws-lambda-go v1.41.0 h1:l/5fyVb6Ud9uYd411xdHZzSf2n86TakxzpvIoz7l+3Y=
github.com/aws/aws-lambda-go v1.41.0/go.mod h1:jwFe2KmMsHmffA1X2R09hH6lFzJQxzI8qK17ewzbQMM=
github.com/aws/aws-sdk-go-v2 v1.19.0 h1:klAT+y3pGFBU/qVf1uzwttpBbiuozJYWzNLHioyDJ+k=
github.com/aws/aws-sdk-go-v2 v1.19.0/go.mod h1:uzbQtefpm44goOPmdKyAlXSNcwlRgF3ePWVW6EtJvvw=
github.com/aws/aws-sdk-go-v2/aws/protocol/eventstream v1.4.10 h1:dK82zF6kkPeCo8J1e+tGx4JdvDIQzj7ygIoLg8WMuGs=
github.com/aws/aws-sdk-go-v2/aws/protocol/eventstream v1.4.10/go.mod h1:VeTZetY5KRJLuD/7fkQXMU6Mw7H5m/KP2J5Iy9osMno=
github.com/aws/aws-sdk-go-v2/config v1.18.28 h1:TINEaKyh1Td64tqFvn09iYpKiWjmHYrG1fa91q2gnqw=
github.com/aws/aws-sdk-go-v2/config v1.18.28/go.mod h1:nIL+4/8JdAuNHEjn/gPEXqtnS02Q3NXB/9Z7o5xE4+A=
github.com/aws/aws-sdk-go-v2/credentials v1.13.27 h1:dz0yr/yR1jweAnsCx+BmjerUILVPQ6FS5AwF/OyG1kA=
github.com/aws/aws-sdk-go-v2/credentials v1.13.27/go.mod h1:syOqAek45ZXZp29HlnRS/BNgMIW6uiRmeuQsz4Qh2UE=
github.com/aws/aws-sdk-go-v2/feature/ec2/imds v1.13.5 h1:kP3Me6Fy3vdi+9uHd7YLr6ewPxRL+PU6y15urfTaamU=
github.com/aws/aws-sdk-go-v2/feature/ec2/imds v1.13.5/go.mod h1:Gj7tm95r+QsDoN2Fhuz/3npQvcZbkEf5mL70n3Xfluc=
github.com/aws/aws-sdk-go-v2/internal/configsources v1.1.35 h1:hMUCiE3Zi5AHrRNGf5j985u0WyqI6r2NULhUfo0N/No=
github.com/aws/aws-sdk-go-v2/internal/configsources v1.1.35/go.mod h1:ipR5PvpSPqIqL5Mi82BxLnfMkHVbmco8kUwO2xrCi0M=
github.com/aws/aws-sdk-go-v2/internal/endpoints/v2 v2.4.29 h1:yOpYx+FTBdpk/g+sBU6Cb1H0U/TLEcYYp66mYqsPpcc=
github.com/aws/aws-sdk-go-v2/internal/endpoints/v2 v2.4.29/go.mod h1:M/eUABlDbw2uVrdAn+UsI6M727qp2fxkp8K0ejcBDUY=
github.com/aws/aws-sdk-go-v2/internal/ini v1.3.36 h1:8r5m1BoAWkn0TDC34lUculryf7nUF25EgIMdjvGCkgo=
github.com/aws/aws-sdk-go-v2/internal/ini v1.3.36/go.mod h1:Rmw2M1hMVTwiUhjwMoIBFWFJMhvJbct06sSidxInkhY=
github.com/aws/aws-sdk-go-v2/service/cloudformation v1.30.1 h1:MHKSdt+ECxOWD98MYj/Ocy4GS8GgAjgEDSPaiTaXP6U=
github.com/aws/aws-sdk-go-v2/service/cloudformation v1.30.1/go.mod h1:laKFhtn8EH6gcPl7KEQ4kcuSYcQF1tqUm82ENxMwlMk=
github.com/aws/aws-sdk-go-v2/service/dynamodb v1.20.1 h1:gknY3OHEGXaLamootb1VaJSohtHwcIMGvm23VnZVIzE=
github.com/aws/aws-sdk-go-v2/service/dynamodb v1.20.1/go.mod h1:iA/evsHrPWhDyMj6cuMa6qlFTqSqYXoKs8LSvIFauTA=
github.com/aws/aws-sdk-go-v2/service/internal/accept-encoding v1.9.11 h1:y2+VQzC6Zh2ojtV2LoC0MNwHWc6qXv/j2vrQtlftkdA=
github.com/aws/aws-sdk-go-v2/service/internal/accept-encoding v1.9.11/go.mod h1:iV4q2hsqtNECrfmlXyord9u4zyuFEJX9eLgLpSPzWA8=
github.com/aws/aws-sdk-go-v2/service/internal/endpoint-discovery v1.7.29 h1:gajv/wALzb2KgK9YKq1jW+y2ZgL5o4A+UZmFfZi8lSY=
github.com/aws/aws-sdk-go-v2/service/internal/endpoint-discovery v1.7.29/go.mod h1:SYEgYIjFeLoPSOCIqdFr44QiBwGlnsUIHqMD5OZnsgg=
github.com/aws/aws-sdk-go-v2/service/internal/presigned-url v1.9.29 h1:IiDolu/eLmuB18DRZibj77n1hHQT7z12jnGO7Ze3pLc=
github.com/aws/aws-sdk-go-v2/service/internal/presigned-url v1.9.29/go.mod h1:fDbkK4o7fpPXWn8YAPmTieAMuB9mk/VgvW64uaUqxd4=
github.com/aws/aws-sdk-go-v2/service/lambda v1.37.1 h1:BRdW2JcxZSsen77Y0WoWIWY4+H9EXT55uEPWZKIcDHY=
github.com/aws/aws-sdk-go-v2/service/lambda v1.37.1/go.mod h1:zmdE2b9ZX8milexhZc3SeC3LwJRJpJ0k0fsuMBOSCEI=
github.com/aws/aws-sdk-go-v2/service/ses v1.15.12 h1:5lTu2nm+SRfkxGFSRrzQuyqPDDZ3J+Ckmh52jwIeugI=
github.com/aws/aws-sdk-go-v2/service/ses v1.15.12/go.mod h1:y27hkXQ+i+4DLG/0fFCvGnO2J1yOL5VkzBMAAdYCyak=
github.com/aws/aws-sdk-go-v2/service/sesv2 v1.18.3 h1:qm22IUC9suDtRcpR0r4fDeZUYtbWElVc900KDYfKE0Y=
github.com/aws/aws-sdk-go-v2/service/sesv2 v1.18.3/go.mod h1:PyBoMU8XbjdHMTfKN6hUetLQsYJw8G0ry5+o5M+HeeM=
github.com/aws/aws-sdk-go-v2/service/sso v1.12.13 h1:sWDv7cMITPcZ21QdreULwxOOAmE05JjEsT6fCDtDA9k=
github.com/aws/aws-sdk-go-v2/service/sso v1.12.13/go.mod h1:DfX0sWuT46KpcqbMhJ9QWtxAIP1VozkDWf8VAkByjYY=
github.com/aws/aws-sdk-go-v2/service/ssooidc v1.14.13 h1:BFubHS/xN5bjl818QaroN6mQdjneYQ+AOx44KNXlyH4=
github.com/aws/aws-sdk-go-v2/service/ssooidc v1.14.13/go.mod h1:BzqsVVFduubEmzrVtUFQQIQdFqvUItF8XUq2EnS8Wog=
github.com/aws/aws-sdk-go-v2/service/sts v1.19.3 h1:e5mnydVdCVWxP+5rPAGi2PYxC7u2OZgH1ypC114H04U=
github.com/aws/aws-sdk-go-v2/service/sts v1.19.3/go.mod h1:yVGZA1CPkmUhBdA039jXNJJG7/6t+G+EBWmFq23xqnY=
github.com/aws/smithy-go v1.13.5 h1:hgz0X/DX0dGqTYpGALqXJoRKRj5oQ7150i5FdTePzO8=
github.com/aws/smithy-go v1.13.5/go.mod h1:Tg+OJXh4MB2R/uN61Ko2f6hTZwB/ZYGOtib8J3gBHzA=
github.com/cpuguy83/go-md2man/v2 v2.0.2/go.mod h1:tgQtvFlXSQOSOSIRvRPT7W67SCa46tRHOmNcaadrF8o=
github.com/davecgh/go-spew v1.1.0/go.mod h1:J7Y8YcW2NihsgmVo/mv3lAwl/skON4iLHjSsI+c5H38=
github.com/davecgh/go-spew v1.1.1 h1:vj9j/u1bqnvCEfJOwUhtlOARqs3+rkHYY13jYWTU97c=
github.com/google/go-cmp v0.5.8/go.mod h1:17dUlkBOakJ0+DkrSSNjCkIjxS6bF9zb3elmeNGIjoY=
github.com/google/go-cmp v0.5.9 h1:O2Tfq5qg4qc4AmwVlvv0oLiVAGB7enBSJ2x2DqQFi38=
github.com/google/go-cmp v0.5.9/go.mod h1:17dUlkBOakJ0+DkrSSNjCkIjxS6bF9zb3elmeNGIjoY=
github.com/google/uuid v1.3.0 h1:t6JiXgmwXMjEs8VusXIJk2BXHsn+wx8BZdTaoZ5fu7I=
github.com/google/uuid v1.3.0/go.mod h1:TIyPZe4MgqvfeYDBFedMoGGpEw/LqOeaOT+nhxU+yHo=
github.com/inconshreveable/mousetrap v1.1.0 h1:wN+x4NVGpMsO7ErUn/mUI3vEoE6Jt13X2s0bqwp9tc8=
github.com/inconshreveable/mousetrap v1.1.0/go.mod h1:vpF70FUmC8bwa3OWnCshd2FqLfsEA9PFc4w1p2J65bw=
github.com/jmespath/go-jmespath v0.4.0 h1:BEgLn5cpjn8UN1mAw4NjwDrS35OdebyEtFe+9YPoQUg=
github.com/jmespath/go-jmespath v0.4.0/go.mod h1:T8mJZnbsbmF+m6zOOFylbeCJqk5+pHWvzYPziyZiYoo=
github.com/jmespath/go-jmespath/internal/testify v1.5.1 h1:shLQSRRSCCPj3f2gpwzGwWFoC7ycTf1rcQZHOlsJ6N8=
github.com/jmespath/go-jmespath/internal/testify v1.5.1/go.mod h1:L3OGu8Wl2/fWfCI6z80xFu9LTZmf1ZRjMHUOPmWr69U=
github.com/pkg/errors v0.9.1 h1:FEBLx1zS214owpjy7qsBeixbURkuhQAwrK5UwLGTwt4=
github.com/pkg/errors v0.9.1/go.mod h1:bwawxfHBFNV+L2hUp1rHADufV3IMtnDRdf1r5NINEl0=
github.com/pmezard/go-difflib v1.0.0 h1:4DBwDE0NGyQoBHbLQYPwSUPoCMWR5BEzIk/f1lZbAQM=
github.com/pmezard/go-difflib v1.0.0/go.mod h1:iKH77koFhYxTK1pcRnkKkqfTogsbg7gZNVY4sRDYZ/4=
github.com/russross/blackfriday/v2 v2.1.0/go.mod h1:+Rmxgy9KzJVeS9/2gXHxylqXiyQDYRxCVz55jmeOWTM=
github.com/spf13/cobra v1.7.0 h1:hyqWnYt1ZQShIddO5kBpj3vu05/++x6tJ6dg8EC572I=
github.com/spf13/cobra v1.7.0/go.mod h1:uLxZILRyS/50WlhOIKD7W6V5bgeIt+4sICxh6uRMrb0=
github.com/spf13/pflag v1.0.5 h1:iy+VFUOCP1a+8yFto/drg2CJ5u0yRoB7fZw3DKv/JXA=
github.com/spf13/pflag v1.0.5/go.mod h1:McXfInJRrz4CZXVZOBLb0bTZqETkiAhM9Iw0y3An2Bg=
github.com/stretchr/objx v0.1.0/go.mod h1:HFkY916IF+rwdDfMAkV7OtwuqBVzrE8GR6GFx+wExME=
github.com/stretchr/testify v1.7.2 h1:4jaiDzPyXQvSd7D0EjG45355tLlV3VOECpq10pLC+8s=
golang.org/x/exp/typeparams v0.0.0-20230713183714-613f0c0eb8a1 h1:VXDua8UTGWl3e7L5kCk5Vyt0LA3QpsyRu6XXL7K3v1w=
golang.org/x/exp/typeparams v0.0.0-20230713183714-613f0c0eb8a1/go.mod h1:AbB0pIl9nAr9wVwH+Z2ZpaocVmF5I4GyWCDIsVjR0bk=
golang.org/x/mod v0.12.0 h1:rmsUpXtvNzj340zd98LZ4KntptpfRHwpFOHG188oHXc=
golang.org/x/mod v0.12.0/go.mod h1:iBbtSCu2XBx23ZKBPSOrRkjjQPZFPuis4dIYUhu/chs=
golang.org/x/sync v0.3.0 h1:ftCYgMx6zT/asHUrPw8BLLscYtGznsLAnjq5RH9P66E=
golang.org/x/sys v0.10.0 h1:SqMFp9UcQJZa+pmYuAKjd9xq1f0j5rLcDIk0mj4qAsA=
golang.org/x/sys v0.10.0/go.mod h1:oPkhp1MJrh7nUepCBck5+mAzfO9JrbApNNgaTdGDITg=
golang.org/x/tools v0.11.0 h1:EMCa6U9S2LtZXLAMoWiR/R8dAQFRqbAitmbJ2UKhoi8=
golang.org/x/tools v0.11.0/go.mod h1:anzJrxPjNtfgiYQYirP2CPGzGLxrH2u2QBhn6Bf3qY8=
gopkg.in/check.v1 v0.0.0-20161208181325-20d25e280405/go.mod h1:Co6ibVJAznAaIkqp8huTwlJQCZ016jof/cbN4VW5Yz0=
gopkg.in/yaml.v2 v2.2.8/go.mod h1:hI93XBmqTisBFMUTm0b8Fm+jr3Dg1NNxqwp+5A1VGuI=
gopkg.in/yaml.v2 v2.4.0 h1:D8xgwECY7CYvx+Y2n4sBz93Jn9JRvxdiyyo8CTfuKaY=
gopkg.in/yaml.v2 v2.4.0/go.mod h1:RDklbk79AGWmwhnvt/jBztapEOGDOx6ZbXqjP6csGnQ=
gopkg.in/yaml.v3 v3.0.1 h1:fxVm/GzAzEWqLHuvctI91KS9hhNmmWOoWu0XTYJS7CA=
gopkg.in/yaml.v3 v3.0.1/go.mod h1:K4uyk7z7BCEPqu6E+C64Yfv1cQ7kz7rIZviUmN+EgEM=
gotest.tools v2.2.0+incompatible h1:VsBPFP1AI068pPrMxtb/S8Zkgf9xEmTLJjfM+P5UIEo=
gotest.tools v2.2.0+incompatible/go.mod h1:DsYFclhRJ6vuDpmuTbkuFWG+y2sxOXAzmJt81HFBacw=
honnef.co/go/tools v0.4.3 h1:o/n5/K5gXqk8Gozvs2cnL0F2S1/g1vcGCAx2vETjITw=
honnef.co/go/tools v0.4.3/go.mod h1:36ZgoUOrqOk1GxwHhyryEkq8FQWkUO2xGuSMhUCcdvA=
