github.com/BurntSushi/toml v1.3.2 h1:o7IhLm0Msx3BaB+n3Ag7L8EVlByGnpq14C4YWiu/gL8=
github.com/BurntSushi/toml v1.3.2/go.mod h1:CxXYINrC8qIiEnFrOxCa7Jy5BFHlXnUU2pbicEuybxQ=
github.com/aws/aws-lambda-go v1.41.0 h1:l/5fyVb6Ud9uYd411xdHZzSf2n86TakxzpvIoz7l+3Y=
github.com/aws/aws-lambda-go v1.41.0/go.mod h1:jwFe2KmMsHmffA1X2R09hH6lFzJQxzI8qK17ewzbQMM=
github.com/aws/aws-sdk-go-v2 v1.21.1 h1:wjHYshtPpYOZm+/mu3NhVgRRc0baM6LJZOmxPZ5Cwzs=
github.com/aws/aws-sdk-go-v2 v1.21.1/go.mod h1:ErQhvNuEMhJjweavOYhxVkn2RUx7kQXVATHrjKtxIpM=
github.com/aws/aws-sdk-go-v2/aws/protocol/eventstream v1.4.14 h1:Sc82v7tDQ/vdU1WtuSyzZ1I7y/68j//HJ6uozND1IDs=
github.com/aws/aws-sdk-go-v2/aws/protocol/eventstream v1.4.14/go.mod h1:9NCTOURS8OpxvoAVHq79LK81/zC78hfRWFn+aL0SPcY=
github.com/aws/aws-sdk-go-v2/config v1.18.44 h1:U10NQ3OxiY0dGGozmVIENIDnCT0W432PWxk2VO8wGnY=
github.com/aws/aws-sdk-go-v2/config v1.18.44/go.mod h1:pHxnQBldd0heEdJmolLBk78D1Bf69YnKLY3LOpFImlU=
github.com/aws/aws-sdk-go-v2/credentials v1.13.42 h1:KMkjpZqcMOwtRHChVlHdNxTUUAC6NC/b58mRZDIdcRg=
github.com/aws/aws-sdk-go-v2/credentials v1.13.42/go.mod h1:7ltKclhvEB8305sBhrpls24HGxORl6qgnQqSJ314Uw8=
github.com/aws/aws-sdk-go-v2/feature/ec2/imds v1.13.12 h1:3j5lrl9kVQrJ1BU4O0z7MQ8sa+UXdiLuo4j0V+odNI8=
github.com/aws/aws-sdk-go-v2/feature/ec2/imds v1.13.12/go.mod h1:JbFpcHDBdsex1zpIKuVRorZSQiZEyc3MykNCcjgz174=
github.com/aws/aws-sdk-go-v2/internal/configsources v1.1.42 h1:817VqVe6wvwE46xXy6YF5RywvjOX6U2zRQQ6IbQFK0s=
github.com/aws/aws-sdk-go-v2/internal/configsources v1.1.42/go.mod h1:oDfgXoBBmj+kXnqxDDnIDnC56QBosglKp8ftRCTxR+0=
github.com/aws/aws-sdk-go-v2/internal/endpoints/v2 v2.4.36 h1:7ZApaXzWbo8slc+W5TynuUlB4z66g44h7uqa3/d/BsY=
github.com/aws/aws-sdk-go-v2/internal/endpoints/v2 v2.4.36/go.mod h1:rwr4WnmFi3RJO0M4dxbJtgi9BPLMpVBMX1nUte5ha9U=
github.com/aws/aws-sdk-go-v2/internal/ini v1.3.44 h1:quOJOqlbSfeJTboXLjYXM1M9T52LBXqLoTPlmsKLpBo=
github.com/aws/aws-sdk-go-v2/internal/ini v1.3.44/go.mod h1:LNy+P1+1LiRcCsVYr/4zG5n8zWFL0xsvZkOybjbftm8=
github.com/aws/aws-sdk-go-v2/service/cloudformation v1.34.7 h1:IYTmJ4NCSkQlxnX/pbYjbUq68m2it3Ww9hmHn6qoaHU=
github.com/aws/aws-sdk-go-v2/service/cloudformation v1.34.7/go.mod h1:gAa92Oub3XG6zKWPtzFTPI9EeYJdEaUcHYfUIVy1bbg=
github.com/aws/aws-sdk-go-v2/service/dynamodb v1.22.1 h1:TYq4EU2vEEluoaBG0RCPnbibSndTQSzlpbZdmT/YRcs=
github.com/aws/aws-sdk-go-v2/service/dynamodb v1.22.1/go.mod h1:1EJb9/tJwI7iqiStZBcmHijQxcgp7dlPuD2YgoZIrJQ=
github.com/aws/aws-sdk-go-v2/service/internal/accept-encoding v1.9.15 h1:7R8uRYyXzdD71KWVCL78lJZltah6VVznXBazvKjfH58=
github.com/aws/aws-sdk-go-v2/service/internal/accept-encoding v1.9.15/go.mod h1:26SQUPcTNgV1Tapwdt4a1rOsYRsnBsJHLMPoxK2b0d8=
github.com/aws/aws-sdk-go-v2/service/internal/endpoint-discovery v1.7.36 h1:0ZzowXTZABVqnJnwDMlTDP3eeEkuP1r6RYnhSBmgK2o=
github.com/aws/aws-sdk-go-v2/service/internal/endpoint-discovery v1.7.36/go.mod h1:zAE5h/4VanzBpqyWoCZX/nJImdsqjjsGt2r3MtbKSFA=
github.com/aws/aws-sdk-go-v2/service/internal/presigned-url v1.9.36 h1:YXlm7LxwNlauqb2OrinWlcvtsflTzP8GaMvYfQBhoT4=
github.com/aws/aws-sdk-go-v2/service/internal/presigned-url v1.9.36/go.mod h1:ou9ffqJ9hKOVZmjlC6kQ6oROAyG1M4yBKzR+9BKbDwk=
github.com/aws/aws-sdk-go-v2/service/lambda v1.39.6 h1:7FEmwTkDkDE/kwG2zMLAsbtT9dqoSLMagQbHlj1jn9Y=
github.com/aws/aws-sdk-go-v2/service/lambda v1.39.6/go.mod h1:knjlM/w5B2waA8ajK5Wjgr4CDDung+XPhq4mX0Lnuog=
github.com/aws/aws-sdk-go-v2/service/ses v1.16.9 h1:lLN2UxatpdzVKIwcOD0blBHUUghrbtoUMHt1e78pO+Q=
github.com/aws/aws-sdk-go-v2/service/ses v1.16.9/go.mod h1:W7hi+pBqaqqos/9Q1UNdQmhrsqeXu2I7j0N+0+jFb10=
github.com/aws/aws-sdk-go-v2/service/sesv2 v1.20.2 h1:3qYTIrsGBaxD8F6N+B0rx8OJSoS15GfT12UuhCTAumI=
github.com/aws/aws-sdk-go-v2/service/sesv2 v1.20.2/go.mod h1:NrZAizsqYf7fIXZP6sAcjV+jbW8yYwNDtHAxRC+mEMQ=
github.com/aws/aws-sdk-go-v2/service/sso v1.15.1 h1:ZN3bxw9OYC5D6umLw6f57rNJfGfhg1DIAAcKpzyUTOE=
github.com/aws/aws-sdk-go-v2/service/sso v1.15.1/go.mod h1:PieckvBoT5HtyB9AsJRrYZFY2Z+EyfVM/9zG6gbV8DQ=
github.com/aws/aws-sdk-go-v2/service/ssooidc v1.17.2 h1:fSCCJuT5i6ht8TqGdZc5Q5K9pz/atrf7qH4iK5C9XzU=
github.com/aws/aws-sdk-go-v2/service/ssooidc v1.17.2/go.mod h1:5eNtr+vNc5vVd92q7SJ+U/HszsIdhZBEyi9dkMRKsp8=
github.com/aws/aws-sdk-go-v2/service/sts v1.23.1 h1:ASNYk1ypWAxRhJjKS0jBnTUeDl7HROOpeSMu1xDA/I8=
github.com/aws/aws-sdk-go-v2/service/sts v1.23.1/go.mod h1:2cnsAhVT3mqusovc2stUSUrSBGTcX9nh8Tu6xh//2eI=
github.com/aws/smithy-go v1.15.0 h1:PS/durmlzvAFpQHDs4wi4sNNP9ExsqZh6IlfdHXgKK8=
github.com/aws/smithy-go v1.15.0/go.mod h1:Tg+OJXh4MB2R/uN61Ko2f6hTZwB/ZYGOtib8J3gBHzA=
github.com/cpuguy83/go-md2man/v2 v2.0.2/go.mod h1:tgQtvFlXSQOSOSIRvRPT7W67SCa46tRHOmNcaadrF8o=
github.com/davecgh/go-spew v1.1.0/go.mod h1:J7Y8YcW2NihsgmVo/mv3lAwl/skON4iLHjSsI+c5H38=
github.com/davecgh/go-spew v1.1.1 h1:vj9j/u1bqnvCEfJOwUhtlOARqs3+rkHYY13jYWTU97c=
github.com/davecgh/go-spew v1.1.1/go.mod h1:J7Y8YcW2NihsgmVo/mv3lAwl/skON4iLHjSsI+c5H38=
github.com/google/go-cmp v0.5.8/go.mod h1:17dUlkBOakJ0+DkrSSNjCkIjxS6bF9zb3elmeNGIjoY=
github.com/google/go-cmp v0.5.9 h1:O2Tfq5qg4qc4AmwVlvv0oLiVAGB7enBSJ2x2DqQFi38=
github.com/google/go-cmp v0.5.9/go.mod h1:17dUlkBOakJ0+DkrSSNjCkIjxS6bF9zb3elmeNGIjoY=
github.com/google/uuid v1.3.1 h1:KjJaJ9iWZ3jOFZIf1Lqf4laDRCasjl0BCmnEGxkdLb4=
github.com/google/uuid v1.3.1/go.mod h1:TIyPZe4MgqvfeYDBFedMoGGpEw/LqOeaOT+nhxU+yHo=
github.com/inconshreveable/mousetrap v1.1.0 h1:wN+x4NVGpMsO7ErUn/mUI3vEoE6Jt13X2s0bqwp9tc8=
github.com/inconshreveable/mousetrap v1.1.0/go.mod h1:vpF70FUmC8bwa3OWnCshd2FqLfsEA9PFc4w1p2J65bw=
github.com/jmespath/go-jmespath v0.4.0 h1:BEgLn5cpjn8UN1mAw4NjwDrS35OdebyEtFe+9YPoQUg=
github.com/jmespath/go-jmespath v0.4.0/go.mod h1:T8mJZnbsbmF+m6zOOFylbeCJqk5+pHWvzYPziyZiYoo=
github.com/jmespath/go-jmespath/internal/testify v1.5.1 h1:shLQSRRSCCPj3f2gpwzGwWFoC7ycTf1rcQZHOlsJ6N8=
github.com/jmespath/go-jmespath/internal/testify v1.5.1/go.mod h1:L3OGu8Wl2/fWfCI6z80xFu9LTZmf1ZRjMHUOPmWr69U=
github.com/pkg/errors v0.9.1 h1:FEBLx1zS214owpjy7qsBeixbURkuhQAwrK5UwLGTwt4=
github.com/pkg/errors v0.9.1/go.mod h1:bwawxfHBFNV+L2hUp1rHADufV3IMtnDRdf1r5NINEl0=
github.com/pmezard/go-difflib v1.0.0 h1:4DBwDE0NGyQoBHbLQYPwSUPoCMWR5BEzIk/f1lZbAQM=
github.com/pmezard/go-difflib v1.0.0/go.mod h1:iKH77koFhYxTK1pcRnkKkqfTogsbg7gZNVY4sRDYZ/4=
github.com/russross/blackfriday/v2 v2.1.0/go.mod h1:+Rmxgy9KzJVeS9/2gXHxylqXiyQDYRxCVz55jmeOWTM=
github.com/spf13/cobra v1.7.0 h1:hyqWnYt1ZQShIddO5kBpj3vu05/++x6tJ6dg8EC572I=
github.com/spf13/cobra v1.7.0/go.mod h1:uLxZILRyS/50WlhOIKD7W6V5bgeIt+4sICxh6uRMrb0=
github.com/spf13/pflag v1.0.5 h1:iy+VFUOCP1a+8yFto/drg2CJ5u0yRoB7fZw3DKv/JXA=
github.com/spf13/pflag v1.0.5/go.mod h1:McXfInJRrz4CZXVZOBLb0bTZqETkiAhM9Iw0y3An2Bg=
github.com/stretchr/objx v0.1.0/go.mod h1:HFkY916IF+rwdDfMAkV7OtwuqBVzrE8GR6GFx+wExME=
github.com/stretchr/testify v1.7.2 h1:4jaiDzPyXQvSd7D0EjG45355tLlV3VOECpq10pLC+8s=
github.com/stretchr/testify v1.7.2/go.mod h1:R6va5+xMeoiuVRoj+gSkQ7d3FALtqAAGI1FQKckRals=
golang.org/x/exp/typeparams v0.0.0-20231006140011-7918f672742d h1:NRn/Afz91uVUyEsxMp4lGGxpr5y1qz+Iko60dbkfvLQ=
golang.org/x/exp/typeparams v0.0.0-20231006140011-7918f672742d/go.mod h1:AbB0pIl9nAr9wVwH+Z2ZpaocVmF5I4GyWCDIsVjR0bk=
golang.org/x/mod v0.13.0 h1:I/DsJXRlw/8l/0c24sM9yb0T4z9liZTduXvdAWYiysY=
golang.org/x/mod v0.13.0/go.mod h1:hTbmBsO62+eylJbnUtE2MGJUyE7QWk4xUqPFrRgJ+7c=
golang.org/x/sync v0.4.0 h1:zxkM55ReGkDlKSM+Fu41A+zmbZuaPVbGMzvvdUPznYQ=
golang.org/x/sync v0.4.0/go.mod h1:FU7BRWz2tNW+3quACPkgCx/L+uEAv1htQ0V83Z9Rj+Y=
golang.org/x/sys v0.13.0 h1:Af8nKPmuFypiUBjVoU9V20FiaFXOcuZI21p0ycVYYGE=
golang.org/x/sys v0.13.0/go.mod h1:oPkhp1MJrh7nUepCBck5+mAzfO9JrbApNNgaTdGDITg=
golang.org/x/tools v0.14.0 h1:jvNa2pY0M4r62jkRQ6RwEZZyPcymeL9XZMLBbV7U2nc=
golang.org/x/tools v0.14.0/go.mod h1:uYBEerGOWcJyEORxN+Ek8+TT266gXkNlHdJBwexUsBg=
gopkg.in/check.v1 v0.0.0-20161208181325-20d25e280405/go.mod h1:Co6ibVJAznAaIkqp8huTwlJQCZ016jof/cbN4VW5Yz0=
gopkg.in/yaml.v2 v2.2.8/go.mod h1:hI93XBmqTisBFMUTm0b8Fm+jr3Dg1NNxqwp+5A1VGuI=
gopkg.in/yaml.v2 v2.4.0 h1:D8xgwECY7CYvx+Y2n4sBz93Jn9JRvxdiyyo8CTfuKaY=
gopkg.in/yaml.v2 v2.4.0/go.mod h1:RDklbk79AGWmwhnvt/jBztapEOGDOx6ZbXqjP6csGnQ=
gopkg.in/yaml.v3 v3.0.1 h1:fxVm/GzAzEWqLHuvctI91KS9hhNmmWOoWu0XTYJS7CA=
gopkg.in/yaml.v3 v3.0.1/go.mod h1:K4uyk7z7BCEPqu6E+C64Yfv1cQ7kz7rIZviUmN+EgEM=
gotest.tools v2.2.0+incompatible h1:VsBPFP1AI068pPrMxtb/S8Zkgf9xEmTLJjfM+P5UIEo=
gotest.tools v2.2.0+incompatible/go.mod h1:DsYFclhRJ6vuDpmuTbkuFWG+y2sxOXAzmJt81HFBacw=
honnef.co/go/tools v0.4.6 h1:oFEHCKeID7to/3autwsWfnuv69j3NsfcXbvJKuIcep8=
honnef.co/go/tools v0.4.6/go.mod h1:+rnGS1THNh8zMwnd2oVOTL9QF6vmfyG6ZXBULae2uc0=
